
Microsoft Visual Studio Solution File, Format Version 12.00
# Visual Studio Version 16
VisualStudioVersion = 16.0.30114.105
MinimumVisualStudioVersion = 10.0.40219.1
Project("{FAE04EC0-301F-11D3-BF4B-00C04F79EFBC}") = "JsonConvertExercie", "JsonConvertExercie\JsonConvertExercie.csproj", "{28E23129-D9AB-4E63-B651-996698013CB6}"
EndProject
Global
	GlobalSection(SolutionConfigurationPlatforms) = preSolution
		Debug|Any CPU = Debug|Any CPU
		Release|Any CPU = Release|Any CPU
	EndGlobalSection
	GlobalSection(ProjectConfigurationPlatforms) = postSolution
		{28E23129-D9AB-4E63-B651-996698013CB6}.Debug|Any CPU.ActiveCfg = Debug|Any CPU
		{28E23129-D9AB-4E63-B651-996698013CB6}.Debug|Any CPU.Build.0 = Debug|Any CPU
		{28E23129-D9AB-4E63-B651-996698013CB6}.Release|Any CPU.ActiveCfg = Release|Any CPU
		{28E23129-D9AB-4E63-B651-996698013CB6}.Release|Any CPU.Build.0 = Release|Any CPU
	EndGlobalSection
	GlobalSection(SolutionProperties) = preSolution
		HideSolutionNode = FALSE
	EndGlobalSection
	GlobalSection(ExtensibilityGlobals) = postSolution
		SolutionGuid = {AC1FB330-B012-46E7-B075-C3E563E86404}
	EndGlobalSection
EndGlobal
